{
  "originHash" : "3bcce08c5dc6773fa23cbda274afbb9a7a53a250e8efbeb017aeed9ef36f18c9",
  "pins" : [
    {
      "identity" : "videosdk-rtc-ios-spm",
      "kind" : "remoteSourceControl",
      "location" : "https://github.com/videosdk-live/videosdk-rtc-ios-spm",
      "state" : {
        "branch" : "main",
        "revision" : "da487c3831c2ce137be4ac05d075783b2e67207d"
      }
    }
  ],
  "version" : 3
}
