{
  "originHash" : "76e7e62ab236517f16ea88928b721aa99f8de15aa455d90fbb2f222df7c3cb78",
  "pins" : [
    {
      "identity" : "videosdk-rtc-ios-spm",
      "kind" : "remoteSourceControl",
      "location" : "https://github.com/videosdk-live/videosdk-rtc-ios-spm.git",
      "state" : {
        "branch" : "main",
        "revision" : "2337cab52b81930e1d868705b734a1072bb58e9d"
      }
    }
  ],
  "version" : 3
}
