{
  "originHash" : "76e7e62ab236517f16ea88928b721aa99f8de15aa455d90fbb2f222df7c3cb78",
  "pins" : [
    {
      "identity" : "videosdk-rtc-ios-spm",
      "kind" : "remoteSourceControl",
      "location" : "https://github.com/videosdk-live/videosdk-rtc-ios-spm.git",
      "state" : {
        "branch" : "main",
        "revision" : "51707e5acd3d58b1034d04826593d7c11e567286"
      }
    }
  ],
  "version" : 3
}
